
Microsoft Visual Studio Solution File, Format Version 12.00
# Visual Studio Version 17
VisualStudioVersion = 17.0.31903.59
MinimumVisualStudioVersion = 10.0.40219.1
Project("{9A19103F-16F7-4668-BE54-9A1E7A4F7556}") = "BlazorMoviesWebApp.Server", "BlazorMoviesWebApp\Server\BlazorMoviesWebApp.Server.csproj", "{23A05201-2517-4809-8CF6-B6B5CC5CD888}"
EndProject
Project("{9A19103F-16F7-4668-BE54-9A1E7A4F7556}") = "BlazorMoviesWebApp.Client", "BlazorMoviesWebApp\Client\BlazorMoviesWebApp.Client.csproj", "{7E026263-7B6A-4234-B408-A46089517C94}"
EndProject
Project("{9A19103F-16F7-4668-BE54-9A1E7A4F7556}") = "BlazorMoviesWebApp.Shared", "BlazorMoviesWebApp\Shared\BlazorMoviesWebApp.Shared.csproj", "{46AE9ED3-91C1-479F-BB86-858EEE764A71}"
EndProject
Global
	GlobalSection(SolutionConfigurationPlatforms) = preSolution
		Debug|Any CPU = Debug|Any CPU
		Release|Any CPU = Release|Any CPU
	EndGlobalSection
	GlobalSection(ProjectConfigurationPlatforms) = postSolution
		{23A05201-2517-4809-8CF6-B6B5CC5CD888}.Debug|Any CPU.ActiveCfg = Debug|Any CPU
		{23A05201-2517-4809-8CF6-B6B5CC5CD888}.Debug|Any CPU.Build.0 = Debug|Any CPU
		{23A05201-2517-4809-8CF6-B6B5CC5CD888}.Release|Any CPU.ActiveCfg = Release|Any CPU
		{23A05201-2517-4809-8CF6-B6B5CC5CD888}.Release|Any CPU.Build.0 = Release|Any CPU
		{7E026263-7B6A-4234-B408-A46089517C94}.Debug|Any CPU.ActiveCfg = Debug|Any CPU
		{7E026263-7B6A-4234-B408-A46089517C94}.Debug|Any CPU.Build.0 = Debug|Any CPU
		{7E026263-7B6A-4234-B408-A46089517C94}.Release|Any CPU.ActiveCfg = Release|Any CPU
		{7E026263-7B6A-4234-B408-A46089517C94}.Release|Any CPU.Build.0 = Release|Any CPU
		{46AE9ED3-91C1-479F-BB86-858EEE764A71}.Debug|Any CPU.ActiveCfg = Debug|Any CPU
		{46AE9ED3-91C1-479F-BB86-858EEE764A71}.Debug|Any CPU.Build.0 = Debug|Any CPU
		{46AE9ED3-91C1-479F-BB86-858EEE764A71}.Release|Any CPU.ActiveCfg = Release|Any CPU
		{46AE9ED3-91C1-479F-BB86-858EEE764A71}.Release|Any CPU.Build.0 = Release|Any CPU
	EndGlobalSection
	GlobalSection(SolutionProperties) = preSolution
		HideSolutionNode = FALSE
	EndGlobalSection
	GlobalSection(ExtensibilityGlobals) = postSolution
		SolutionGuid = {1F250D70-CB45-4DEB-AB6D-5D152CE94AC5}
	EndGlobalSection
EndGlobal
